{
  "name": "package",
  "lockfileVersion": 2,
  "requires": true,
  "packages": {
    "": {
      "dependencies": {
        "@builder.io/partytown": "^0.5.4"
      }
    },
    "node_modules/@builder.io/partytown": {
      "version": "0.5.4",
      "resolved": "https://registry.npmjs.org/@builder.io/partytown/-/partytown-0.5.4.tgz",
      "integrity": "sha512-qnikpQgi30AS01aFlNQV6l8/qdZIcP76mp90ti+u4rucXHsn4afSKivQXApqxvrQG9+Ibv45STyvHizvxef/7A==",
      "bin": {
        "partytown": "bin/partytown.cjs"
      }
    }
  },
  "dependencies": {
    "@builder.io/partytown": {
      "version": "0.5.4",
      "resolved": "https://registry.npmjs.org/@builder.io/partytown/-/partytown-0.5.4.tgz",
      "integrity": "sha512-qnikpQgi30AS01aFlNQV6l8/qdZIcP76mp90ti+u4rucXHsn4afSKivQXApqxvrQG9+Ibv45STyvHizvxef/7A=="
    }
  }
}
